
Microsoft Visual Studio Solution File, Format Version 12.00
# Visual Studio Version 17
VisualStudioVersion = 17.12.35514.174 d17.12
MinimumVisualStudioVersion = 10.0.40219.1
Project("{FAE04EC0-301F-11D3-BF4B-00C04F79EFBC}") = "HeThongCanhBaoDichBenh", "HeThongCanhBaoDichBenh\HeThongCanhBaoDichBenh.csproj", "{01E1DC37-05EA-484C-9444-B484019F9F6F}"
EndProject
Global
	GlobalSection(SolutionConfigurationPlatforms) = preSolution
		Debug|Any CPU = Debug|Any CPU
		Release|Any CPU = Release|Any CPU
	EndGlobalSection
	GlobalSection(ProjectConfigurationPlatforms) = postSolution
		{01E1DC37-05EA-484C-9444-B484019F9F6F}.Debug|Any CPU.ActiveCfg = Debug|Any CPU
		{01E1DC37-05EA-484C-9444-B484019F9F6F}.Debug|Any CPU.Build.0 = Debug|Any CPU
		{01E1DC37-05EA-484C-9444-B484019F9F6F}.Release|Any CPU.ActiveCfg = Release|Any CPU
		{01E1DC37-05EA-484C-9444-B484019F9F6F}.Release|Any CPU.Build.0 = Release|Any CPU
	EndGlobalSection
	GlobalSection(SolutionProperties) = preSolution
		HideSolutionNode = FALSE
	EndGlobalSection
EndGlobal
